{
  "name": "html5-tutorial",
  "version": "1.0.0",
  "lockfileVersion": 1,
  "requires": true,
  "dependencies": {
    "@babel/runtime": {
      "version": "7.14.8",
      "resolved": "https://registry.npmjs.org/@babel/runtime/-/runtime-7.14.8.tgz",
      "integrity": "sha512-twj3L8Og5SaCRCErB4x4ajbvBIVV77CGeFglHpeg5WC5FF8TZzBWXtTJ4MqaD9QszLYTtr+IsaAL2rEUevb+eg==",
      "requires": {
        "regenerator-runtime": "^0.13.4"
      }
    },
    "@crestron/ch5-crcomlib": {
      "version": "1.1.0",
      "resolved": "https://registry.npmjs.org/@crestron/ch5-crcomlib/-/ch5-crcomlib-1.1.0.tgz",
      "integrity": "sha512-2x22yqa/uaVA/9tdCZmZfcHmlWdFlqw49ulC3UZbXBh/K38wgLxMKBxIfV//kOwiAuJ3nFFj0WASvZDL+jNEhw==",
      "requires": {
        "@types/dom-inputevent": "^1.0.1",
        "@types/hammerjs": "^2.0.35",
        "@types/lodash-es": "^4.17.3",
        "@types/lodash.throttle": "^4.1.3",
        "@types/nouislider": "9.0.4",
        "@types/swiper": "^4.4.2",
        "axios": "^0.19.0",
        "hammerjs": "^2.0.8",
        "i18next": "17.0.1",
        "nouislider": "12.0.0",
        "rxjs": "6.3.3",
        "swiper": "^4.5.0"
      }
    },
    "@crestron/ch5-webxpanel": {
      "version": "1.0.3",
      "resolved": "https://registry.npmjs.org/@crestron/ch5-webxpanel/-/ch5-webxpanel-1.0.3.tgz",
      "integrity": "sha512-PvE6KI3XflFizy05CwcA+aIcEv9bENue6FRM8tRlsykkxMaYjJ61GeX8HrQOD0c7U/MM9KxV822dAiggFEUp9g=="
    },
    "@types/dom-inputevent": {
      "version": "1.0.7",
      "resolved": "https://registry.npmjs.org/@types/dom-inputevent/-/dom-inputevent-1.0.7.tgz",
      "integrity": "sha512-R0ILeMNwjxCwiF9FDlCl2pUlGZW+4OUqJe6DyOsyrdK1PEoZ1TxgkfQfEy7vniFUrKyAy+dP2BNAXcRqEyf9dQ=="
    },
    "@types/hammerjs": {
      "version": "2.0.40",
      "resolved": "https://registry.npmjs.org/@types/hammerjs/-/hammerjs-2.0.40.tgz",
      "integrity": "sha512-VbjwR1fhsn2h2KXAY4oy1fm7dCxaKy0D+deTb8Ilc3Eo3rc5+5eA4rfYmZaHgNJKxVyI0f6WIXzO2zLkVmQPHA=="
    },
    "@types/lodash": {
      "version": "4.14.171",
      "resolved": "https://registry.npmjs.org/@types/lodash/-/lodash-4.14.171.tgz",
      "integrity": "sha512-7eQ2xYLLI/LsicL2nejW9Wyko3lcpN6O/z0ZLHrEQsg280zIdCv1t/0m6UtBjUHokCGBQ3gYTbHzDkZ1xOBwwg=="
    },
    "@types/lodash-es": {
      "version": "4.17.4",
      "resolved": "https://registry.npmjs.org/@types/lodash-es/-/lodash-es-4.17.4.tgz",
      "integrity": "sha512-BBz79DCJbD2CVYZH67MBeHZRX++HF+5p8Mo5MzjZi64Wac39S3diedJYHZtScbRVf4DjZyN6LzA0SB0zy+HSSQ==",
      "requires": {
        "@types/lodash": "*"
      }
    },
    "@types/lodash.throttle": {
      "version": "4.1.6",
      "resolved": "https://registry.npmjs.org/@types/lodash.throttle/-/lodash.throttle-4.1.6.tgz",
      "integrity": "sha512-/UIH96i/sIRYGC60NoY72jGkCJtFN5KVPhEMMMTjol65effe1gPn0tycJqV5tlSwMTzX8FqzB5yAj0rfGHTPNg==",
      "requires": {
        "@types/lodash": "*"
      }
    },
    "@types/nouislider": {
      "version": "9.0.4",
      "resolved": "https://registry.npmjs.org/@types/nouislider/-/nouislider-9.0.4.tgz",
      "integrity": "sha512-ilaxERkAK7mRkkv0RLb1jZ5Gn0BsXk+jfWXjCk5DuV84AxArhPOq12XJ0eUa6TLTHSmegrfs8Rj4ZAs2hOyT3w==",
      "requires": {
        "@types/wnumb": "*"
      }
    },
    "@types/swiper": {
      "version": "4.4.12",
      "resolved": "https://registry.npmjs.org/@types/swiper/-/swiper-4.4.12.tgz",
      "integrity": "sha512-zSuRrHwx2q+13560GMsvIY9KZk3AW30YbVhvNFTof0WZipVk0OCy3HBe8GRq0DMpjjijjrJkwzmgYIrrkgMhxw=="
    },
    "@types/wnumb": {
      "version": "1.2.1",
      "resolved": "https://registry.npmjs.org/@types/wnumb/-/wnumb-1.2.1.tgz",
      "integrity": "sha512-cuh9AMEl+3umsNXpDFzWx/UytvygnwTDQZMPV3XnSMn2fHNZryO70QNODmeTKEUS1d8Ep8UC9rxlIP32f/G1eg=="
    },
    "axios": {
      "version": "0.19.2",
      "resolved": "https://registry.npmjs.org/axios/-/axios-0.19.2.tgz",
      "integrity": "sha512-fjgm5MvRHLhx+osE2xoekY70AhARk3a6hkN+3Io1jc00jtquGvxYlKlsFUhmUET0V5te6CcZI7lcv2Ym61mjHA==",
      "requires": {
        "follow-redirects": "1.5.10"
      }
    },
    "debug": {
      "version": "3.1.0",
      "resolved": "https://registry.npmjs.org/debug/-/debug-3.1.0.tgz",
      "integrity": "sha512-OX8XqP7/1a9cqkxYw2yXss15f26NKWBpDXQd0/uK/KPqdQhxbPa994hnzjcE2VqQpDslf55723cKPUOGSmMY3g==",
      "requires": {
        "ms": "2.0.0"
      }
    },
    "dom7": {
      "version": "2.1.5",
      "resolved": "https://registry.npmjs.org/dom7/-/dom7-2.1.5.tgz",
      "integrity": "sha512-xnhwVgyOh3eD++/XGtH+5qBwYTgCm0aW91GFgPJ3XG+jlsRLyJivnbP0QmUBFhI+Oaz9FV0s7cxgXHezwOEBYA==",
      "requires": {
        "ssr-window": "^2.0.0"
      },
      "dependencies": {
        "ssr-window": {
          "version": "2.0.0",
          "resolved": "https://registry.npmjs.org/ssr-window/-/ssr-window-2.0.0.tgz",
          "integrity": "sha512-NXzN+/HPObKAx191H3zKlYomE5WrVIkoCB5IaSdvKokxTpjBdWfr0RaP+1Z5KOfDT0ZVz+2tdtiBkhsEQ9p+0A=="
        }
      }
    },
    "follow-redirects": {
      "version": "1.5.10",
      "resolved": "https://registry.npmjs.org/follow-redirects/-/follow-redirects-1.5.10.tgz",
      "integrity": "sha512-0V5l4Cizzvqt5D44aTXbFZz+FtyXV1vrDN6qrelxtfYQKW0KO0W2T/hkE8xvGa/540LkZlkaUjO4ailYTFtHVQ==",
      "requires": {
        "debug": "=3.1.0"
      }
    },
    "hammerjs": {
      "version": "2.0.8",
      "resolved": "https://registry.npmjs.org/hammerjs/-/hammerjs-2.0.8.tgz",
      "integrity": "sha1-BO93hiz/K7edMPdpIJWTAiK/YPE="
    },
    "i18next": {
      "version": "17.0.1",
      "resolved": "https://registry.npmjs.org/i18next/-/i18next-17.0.1.tgz",
      "integrity": "sha512-pg+RxJWoqEt4JtueOkoxXshivtmsf8u0SuTYQTSB5cUTNWUyw/Py3zF//A/vd5FEUaiooyPCNNJ94leQ8J4JEQ==",
      "requires": {
        "@babel/runtime": "^7.3.1"
      }
    },
    "ms": {
      "version": "2.0.0",
      "resolved": "https://registry.npmjs.org/ms/-/ms-2.0.0.tgz",
      "integrity": "sha1-VgiurfwAvmwpAd9fmGF4jeDVl8g="
    },
    "nouislider": {
      "version": "12.0.0",
      "resolved": "https://registry.npmjs.org/nouislider/-/nouislider-12.0.0.tgz",
      "integrity": "sha512-wUr7AJwDQ2oraHgNjLnELjvghTJrKskELowAhdyk01zN6jpXegoyVQJL2Tzt/hp9qwnx+E5KwWS4RNbIMizVcw=="
    },
    "regenerator-runtime": {
      "version": "0.13.7",
      "resolved": "https://registry.npmjs.org/regenerator-runtime/-/regenerator-runtime-0.13.7.tgz",
      "integrity": "sha512-a54FxoJDIr27pgf7IgeQGxmqUNYrcV338lf/6gH456HZ/PhX+5BcwHXG9ajESmwe6WRO0tAzRUrRmNONWgkrew=="
    },
    "rxjs": {
      "version": "6.3.3",
      "resolved": "https://registry.npmjs.org/rxjs/-/rxjs-6.3.3.tgz",
      "integrity": "sha512-JTWmoY9tWCs7zvIk/CvRjhjGaOd+OVBM987mxFo+OW66cGpdKjZcpmc74ES1sB//7Kl/PAe8+wEakuhG4pcgOw==",
      "requires": {
        "tslib": "^1.9.0"
      }
    },
    "ssr-window": {
      "version": "1.0.1",
      "resolved": "https://registry.npmjs.org/ssr-window/-/ssr-window-1.0.1.tgz",
      "integrity": "sha512-dgFqB+f00LJTEgb6UXhx0h+SrG50LJvti2yMKMqAgzfUmUXZrLSv2fjULF7AWGwK25EXu8+smLR3jYsJQChPsg=="
    },
    "swiper": {
      "version": "4.5.1",
      "resolved": "https://registry.npmjs.org/swiper/-/swiper-4.5.1.tgz",
      "integrity": "sha512-se6I7PWWu950NAMXXT+ENtF/6SVb8mPyO+bTfNxbQBILSeLqsYp3Ndap+YOA0EczOIUlea274PKejT6gKZDseA==",
      "requires": {
        "dom7": "^2.1.3",
        "ssr-window": "^1.0.1"
      }
    },
    "tslib": {
      "version": "1.14.1",
      "resolved": "https://registry.npmjs.org/tslib/-/tslib-1.14.1.tgz",
      "integrity": "sha512-Xni35NKzjgMrwevysHTCArtLDpPvye8zV/0E4EyYn43P7/7qvQwPh9BGkHewbMulVntbigmcT7rdX3BNo9wRJg=="
    }
  }
}
